
Microsoft Visual Studio Solution File, Format Version 12.00
# Visual Studio Version 17
VisualStudioVersion = 17.6.33723.286
MinimumVisualStudioVersion = 10.0.40219.1
Project("{9A19103F-16F7-4668-BE54-9A1E7A4F7556}") = "RedisAPI", "RedisAPI\RedisAPI.csproj", "{FFCCD894-7FBD-45D4-A031-F02C7F4F0D73}"
EndProject
Global
	GlobalSection(SolutionConfigurationPlatforms) = preSolution
		Debug|Any CPU = Debug|Any CPU
		Debug|x64 = Debug|x64
		Debug|x86 = Debug|x86
		Release|Any CPU = Release|Any CPU
		Release|x64 = Release|x64
		Release|x86 = Release|x86
	EndGlobalSection
	GlobalSection(ProjectConfigurationPlatforms) = postSolution
		{FFCCD894-7FBD-45D4-A031-F02C7F4F0D73}.Debug|Any CPU.ActiveCfg = Debug|Any CPU
		{FFCCD894-7FBD-45D4-A031-F02C7F4F0D73}.Debug|Any CPU.Build.0 = Debug|Any CPU
		{FFCCD894-7FBD-45D4-A031-F02C7F4F0D73}.Debug|x64.ActiveCfg = Debug|Any CPU
		{FFCCD894-7FBD-45D4-A031-F02C7F4F0D73}.Debug|x64.Build.0 = Debug|Any CPU
		{FFCCD894-7FBD-45D4-A031-F02C7F4F0D73}.Debug|x86.ActiveCfg = Debug|Any CPU
		{FFCCD894-7FBD-45D4-A031-F02C7F4F0D73}.Debug|x86.Build.0 = Debug|Any CPU
		{FFCCD894-7FBD-45D4-A031-F02C7F4F0D73}.Release|Any CPU.ActiveCfg = Release|Any CPU
		{FFCCD894-7FBD-45D4-A031-F02C7F4F0D73}.Release|Any CPU.Build.0 = Release|Any CPU
		{FFCCD894-7FBD-45D4-A031-F02C7F4F0D73}.Release|x64.ActiveCfg = Release|Any CPU
		{FFCCD894-7FBD-45D4-A031-F02C7F4F0D73}.Release|x64.Build.0 = Release|Any CPU
		{FFCCD894-7FBD-45D4-A031-F02C7F4F0D73}.Release|x86.ActiveCfg = Release|Any CPU
		{FFCCD894-7FBD-45D4-A031-F02C7F4F0D73}.Release|x86.Build.0 = Release|Any CPU
	EndGlobalSection
	GlobalSection(SolutionProperties) = preSolution
		HideSolutionNode = FALSE
	EndGlobalSection
	GlobalSection(ExtensibilityGlobals) = postSolution
		SolutionGuid = {8B750B41-6321-4E8B-A6C2-F0015C7B4C1C}
	EndGlobalSection
EndGlobal
